
Microsoft Visual Studio Solution File, Format Version 12.00
# Visual Studio Version 17
VisualStudioVersion = 17.3.32922.545
MinimumVisualStudioVersion = 10.0.40219.1
Project("{9A19103F-16F7-4668-BE54-9A1E7A4F7556}") = "MacabiDemo", "MacabiDemo\MacabiDemo.csproj", "{55152BE1-D188-4F40-9862-1FE4E1140A59}"
EndProject
Global
	GlobalSection(SolutionConfigurationPlatforms) = preSolution
		Debug|Any CPU = Debug|Any CPU
		Release|Any CPU = Release|Any CPU
	EndGlobalSection
	GlobalSection(ProjectConfigurationPlatforms) = postSolution
		{55152BE1-D188-4F40-9862-1FE4E1140A59}.Debug|Any CPU.ActiveCfg = Debug|Any CPU
		{55152BE1-D188-4F40-9862-1FE4E1140A59}.Debug|Any CPU.Build.0 = Debug|Any CPU
		{55152BE1-D188-4F40-9862-1FE4E1140A59}.Release|Any CPU.ActiveCfg = Release|Any CPU
		{55152BE1-D188-4F40-9862-1FE4E1140A59}.Release|Any CPU.Build.0 = Release|Any CPU
	EndGlobalSection
	GlobalSection(SolutionProperties) = preSolution
		HideSolutionNode = FALSE
	EndGlobalSection
	GlobalSection(ExtensibilityGlobals) = postSolution
		SolutionGuid = {89F1B341-2261-44E4-8AA3-2FEEBADF3527}
	EndGlobalSection
EndGlobal
